
Microsoft Visual Studio Solution File, Format Version 11.00
# Visual Studio 2010
Project("{FAE04EC0-301F-11D3-BF4B-00C04F79EFBC}") = "Contracts", "Contracts\Contracts.csproj", "{3F5D35D8-7AA2-4390-880F-03FDC58228CA}"
EndProject
Project("{FAE04EC0-301F-11D3-BF4B-00C04F79EFBC}") = "Demo", "Demo\Demo.csproj", "{2FFC0C32-0AA5-49EF-A08D-BC8013531284}"
EndProject
Project("{FAE04EC0-301F-11D3-BF4B-00C04F79EFBC}") = "IcerWPFSmartGen", "IcerWPFSmartGen\IcerWPFSmartGen.csproj", "{2DD411C1-122A-4588-8F8F-A316655681E4}"
EndProject
Project("{FAE04EC0-301F-11D3-BF4B-00C04F79EFBC}") = "UnitTests", "UnitTests\UnitTests.csproj", "{AE5F8743-1909-468C-811F-7D6BB93EC1E4}"
EndProject
Project("{2150E333-8FDC-42A3-9474-1A3956D46DE8}") = "Solution Items", "Solution Items", "{7394390E-3306-48C6-B6D9-9A53A1C7E36C}"
	ProjectSection(SolutionItems) = preProject
		Local.testsettings = Local.testsettings
		TraceAndTestImpact.testsettings = TraceAndTestImpact.testsettings
		WPFHelper.vsmdi = WPFHelper.vsmdi
	EndProjectSection
EndProject
Global
	GlobalSection(TestCaseManagementSettings) = postSolution
		CategoryFile = WPFHelper.vsmdi
	EndGlobalSection
	GlobalSection(SolutionConfigurationPlatforms) = preSolution
		Debug|Any CPU = Debug|Any CPU
		Debug|Mixed Platforms = Debug|Mixed Platforms
		Debug|x86 = Debug|x86
		Release|Any CPU = Release|Any CPU
		Release|Mixed Platforms = Release|Mixed Platforms
		Release|x86 = Release|x86
	EndGlobalSection
	GlobalSection(ProjectConfigurationPlatforms) = postSolution
		{3F5D35D8-7AA2-4390-880F-03FDC58228CA}.Debug|Any CPU.ActiveCfg = Debug|Any CPU
		{3F5D35D8-7AA2-4390-880F-03FDC58228CA}.Debug|Any CPU.Build.0 = Debug|Any CPU
		{3F5D35D8-7AA2-4390-880F-03FDC58228CA}.Debug|Mixed Platforms.ActiveCfg = Debug|Any CPU
		{3F5D35D8-7AA2-4390-880F-03FDC58228CA}.Debug|Mixed Platforms.Build.0 = Debug|Any CPU
		{3F5D35D8-7AA2-4390-880F-03FDC58228CA}.Debug|x86.ActiveCfg = Debug|Any CPU
		{3F5D35D8-7AA2-4390-880F-03FDC58228CA}.Release|Any CPU.ActiveCfg = Release|Any CPU
		{3F5D35D8-7AA2-4390-880F-03FDC58228CA}.Release|Any CPU.Build.0 = Release|Any CPU
		{3F5D35D8-7AA2-4390-880F-03FDC58228CA}.Release|Mixed Platforms.ActiveCfg = Release|Any CPU
		{3F5D35D8-7AA2-4390-880F-03FDC58228CA}.Release|Mixed Platforms.Build.0 = Release|Any CPU
		{3F5D35D8-7AA2-4390-880F-03FDC58228CA}.Release|x86.ActiveCfg = Release|Any CPU
		{2FFC0C32-0AA5-49EF-A08D-BC8013531284}.Debug|Any CPU.ActiveCfg = Debug|x86
		{2FFC0C32-0AA5-49EF-A08D-BC8013531284}.Debug|Mixed Platforms.ActiveCfg = Debug|x86
		{2FFC0C32-0AA5-49EF-A08D-BC8013531284}.Debug|Mixed Platforms.Build.0 = Debug|x86
		{2FFC0C32-0AA5-49EF-A08D-BC8013531284}.Debug|x86.ActiveCfg = Debug|x86
		{2FFC0C32-0AA5-49EF-A08D-BC8013531284}.Debug|x86.Build.0 = Debug|x86
		{2FFC0C32-0AA5-49EF-A08D-BC8013531284}.Release|Any CPU.ActiveCfg = Release|x86
		{2FFC0C32-0AA5-49EF-A08D-BC8013531284}.Release|Mixed Platforms.ActiveCfg = Release|x86
		{2FFC0C32-0AA5-49EF-A08D-BC8013531284}.Release|Mixed Platforms.Build.0 = Release|x86
		{2FFC0C32-0AA5-49EF-A08D-BC8013531284}.Release|x86.ActiveCfg = Release|x86
		{2FFC0C32-0AA5-49EF-A08D-BC8013531284}.Release|x86.Build.0 = Release|x86
		{2DD411C1-122A-4588-8F8F-A316655681E4}.Debug|Any CPU.ActiveCfg = Debug|Any CPU
		{2DD411C1-122A-4588-8F8F-A316655681E4}.Debug|Any CPU.Build.0 = Debug|Any CPU
		{2DD411C1-122A-4588-8F8F-A316655681E4}.Debug|Mixed Platforms.ActiveCfg = Debug|Any CPU
		{2DD411C1-122A-4588-8F8F-A316655681E4}.Debug|Mixed Platforms.Build.0 = Debug|Any CPU
		{2DD411C1-122A-4588-8F8F-A316655681E4}.Debug|x86.ActiveCfg = Debug|Any CPU
		{2DD411C1-122A-4588-8F8F-A316655681E4}.Release|Any CPU.ActiveCfg = Release|Any CPU
		{2DD411C1-122A-4588-8F8F-A316655681E4}.Release|Any CPU.Build.0 = Release|Any CPU
		{2DD411C1-122A-4588-8F8F-A316655681E4}.Release|Mixed Platforms.ActiveCfg = Release|Any CPU
		{2DD411C1-122A-4588-8F8F-A316655681E4}.Release|Mixed Platforms.Build.0 = Release|Any CPU
		{2DD411C1-122A-4588-8F8F-A316655681E4}.Release|x86.ActiveCfg = Release|Any CPU
		{AE5F8743-1909-468C-811F-7D6BB93EC1E4}.Debug|Any CPU.ActiveCfg = Debug|Any CPU
		{AE5F8743-1909-468C-811F-7D6BB93EC1E4}.Debug|Any CPU.Build.0 = Debug|Any CPU
		{AE5F8743-1909-468C-811F-7D6BB93EC1E4}.Debug|Mixed Platforms.ActiveCfg = Debug|Any CPU
		{AE5F8743-1909-468C-811F-7D6BB93EC1E4}.Debug|Mixed Platforms.Build.0 = Debug|Any CPU
		{AE5F8743-1909-468C-811F-7D6BB93EC1E4}.Debug|x86.ActiveCfg = Debug|Any CPU
		{AE5F8743-1909-468C-811F-7D6BB93EC1E4}.Release|Any CPU.ActiveCfg = Release|Any CPU
		{AE5F8743-1909-468C-811F-7D6BB93EC1E4}.Release|Any CPU.Build.0 = Release|Any CPU
		{AE5F8743-1909-468C-811F-7D6BB93EC1E4}.Release|Mixed Platforms.ActiveCfg = Release|Any CPU
		{AE5F8743-1909-468C-811F-7D6BB93EC1E4}.Release|Mixed Platforms.Build.0 = Release|Any CPU
		{AE5F8743-1909-468C-811F-7D6BB93EC1E4}.Release|x86.ActiveCfg = Release|Any CPU
	EndGlobalSection
	GlobalSection(SolutionProperties) = preSolution
		HideSolutionNode = FALSE
	EndGlobalSection
EndGlobal
